
Microsoft Visual Studio Solution File, Format Version 12.00
# Visual Studio Version 17
VisualStudioVersion = 17.7.34003.232
MinimumVisualStudioVersion = 10.0.40219.1
Project("{9A19103F-16F7-4668-BE54-9A1E7A4F7556}") = "AdvancedExamples", "AdvancedExamples\AdvancedExamples.csproj", "{DB715B0C-2266-46A4-83BC-79BA375126D6}"
EndProject
Project("{9A19103F-16F7-4668-BE54-9A1E7A4F7556}") = "InheritanceExample", "InheritanceExample\InheritanceExample.csproj", "{1F184551-91F9-416E-AF4C-21B3F2B99B13}"
EndProject
Project("{9A19103F-16F7-4668-BE54-9A1E7A4F7556}") = "CollectionExamples", "CollectionExamples\CollectionExamples.csproj", "{47B6A40B-AFA8-4C18-A780-F66C1FFEEB9A}"
EndProject
Project("{9A19103F-16F7-4668-BE54-9A1E7A4F7556}") = "UnitTestExamples", "UnitTestExamples\UnitTestExamples.csproj", "{EAFB5140-7A56-40AA-81D9-764BB867AE11}"
EndProject
Project("{9A19103F-16F7-4668-BE54-9A1E7A4F7556}") = "ClassLibrary", "ClassLibrary\ClassLibrary.csproj", "{3D2876FE-2DC7-45EE-BCCE-C6486169B18D}"
EndProject
Project("{9A19103F-16F7-4668-BE54-9A1E7A4F7556}") = "InterfaceExample", "InterfaceExample\InterfaceExample.csproj", "{9F7AA421-3B1F-4397-AAC7-901DD35ABAF2}"
EndProject
Project("{FAE04EC0-301F-11D3-BF4B-00C04F79EFBC}") = "TryCatchExample", "TryCatchExample\TryCatchExample.csproj", "{9240D27B-2488-40C4-9BF0-679332366893}"
EndProject
Global
	GlobalSection(SolutionConfigurationPlatforms) = preSolution
		Debug|Any CPU = Debug|Any CPU
		Release|Any CPU = Release|Any CPU
	EndGlobalSection
	GlobalSection(ProjectConfigurationPlatforms) = postSolution
		{DB715B0C-2266-46A4-83BC-79BA375126D6}.Debug|Any CPU.ActiveCfg = Debug|Any CPU
		{DB715B0C-2266-46A4-83BC-79BA375126D6}.Debug|Any CPU.Build.0 = Debug|Any CPU
		{DB715B0C-2266-46A4-83BC-79BA375126D6}.Release|Any CPU.ActiveCfg = Release|Any CPU
		{DB715B0C-2266-46A4-83BC-79BA375126D6}.Release|Any CPU.Build.0 = Release|Any CPU
		{1F184551-91F9-416E-AF4C-21B3F2B99B13}.Debug|Any CPU.ActiveCfg = Debug|Any CPU
		{1F184551-91F9-416E-AF4C-21B3F2B99B13}.Debug|Any CPU.Build.0 = Debug|Any CPU
		{1F184551-91F9-416E-AF4C-21B3F2B99B13}.Release|Any CPU.ActiveCfg = Release|Any CPU
		{1F184551-91F9-416E-AF4C-21B3F2B99B13}.Release|Any CPU.Build.0 = Release|Any CPU
		{47B6A40B-AFA8-4C18-A780-F66C1FFEEB9A}.Debug|Any CPU.ActiveCfg = Debug|Any CPU
		{47B6A40B-AFA8-4C18-A780-F66C1FFEEB9A}.Debug|Any CPU.Build.0 = Debug|Any CPU
		{47B6A40B-AFA8-4C18-A780-F66C1FFEEB9A}.Release|Any CPU.ActiveCfg = Release|Any CPU
		{47B6A40B-AFA8-4C18-A780-F66C1FFEEB9A}.Release|Any CPU.Build.0 = Release|Any CPU
		{EAFB5140-7A56-40AA-81D9-764BB867AE11}.Debug|Any CPU.ActiveCfg = Debug|Any CPU
		{EAFB5140-7A56-40AA-81D9-764BB867AE11}.Debug|Any CPU.Build.0 = Debug|Any CPU
		{EAFB5140-7A56-40AA-81D9-764BB867AE11}.Release|Any CPU.ActiveCfg = Release|Any CPU
		{EAFB5140-7A56-40AA-81D9-764BB867AE11}.Release|Any CPU.Build.0 = Release|Any CPU
		{3D2876FE-2DC7-45EE-BCCE-C6486169B18D}.Debug|Any CPU.ActiveCfg = Debug|Any CPU
		{3D2876FE-2DC7-45EE-BCCE-C6486169B18D}.Debug|Any CPU.Build.0 = Debug|Any CPU
		{3D2876FE-2DC7-45EE-BCCE-C6486169B18D}.Release|Any CPU.ActiveCfg = Release|Any CPU
		{3D2876FE-2DC7-45EE-BCCE-C6486169B18D}.Release|Any CPU.Build.0 = Release|Any CPU
		{9F7AA421-3B1F-4397-AAC7-901DD35ABAF2}.Debug|Any CPU.ActiveCfg = Debug|Any CPU
		{9F7AA421-3B1F-4397-AAC7-901DD35ABAF2}.Debug|Any CPU.Build.0 = Debug|Any CPU
		{9F7AA421-3B1F-4397-AAC7-901DD35ABAF2}.Release|Any CPU.ActiveCfg = Release|Any CPU
		{9F7AA421-3B1F-4397-AAC7-901DD35ABAF2}.Release|Any CPU.Build.0 = Release|Any CPU
		{9240D27B-2488-40C4-9BF0-679332366893}.Debug|Any CPU.ActiveCfg = Debug|Any CPU
		{9240D27B-2488-40C4-9BF0-679332366893}.Debug|Any CPU.Build.0 = Debug|Any CPU
		{9240D27B-2488-40C4-9BF0-679332366893}.Release|Any CPU.ActiveCfg = Release|Any CPU
		{9240D27B-2488-40C4-9BF0-679332366893}.Release|Any CPU.Build.0 = Release|Any CPU
	EndGlobalSection
	GlobalSection(SolutionProperties) = preSolution
		HideSolutionNode = FALSE
	EndGlobalSection
	GlobalSection(ExtensibilityGlobals) = postSolution
		SolutionGuid = {9724C738-0926-4663-A7EF-50F315ACE577}
	EndGlobalSection
EndGlobal
